
Microsoft Visual Studio Solution File, Format Version 12.00
# Visual Studio 14
VisualStudioVersion = 14.0.25123.0
MinimumVisualStudioVersion = 10.0.40219.1
Project("{FAE04EC0-301F-11D3-BF4B-00C04F79EFBC}") = "WebApiHost", "WebApiHost\WebApiHost.csproj", "{5BDB7741-D2AB-4669-9496-509178D4EA32}"
EndProject
Project("{FAE04EC0-301F-11D3-BF4B-00C04F79EFBC}") = "NewSky.WebApi", "NewSky.WebApi\NewSky.WebApi.csproj", "{3D9B9AAD-1E0D-4564-B7D1-C92895C6B47A}"
EndProject
Project("{FAE04EC0-301F-11D3-BF4B-00C04F79EFBC}") = "NewSkyWeb", "NewSkyWeb\NewSkyWeb.csproj", "{92724464-8FB1-4286-8C81-E297FDB699D9}"
EndProject
Global
	GlobalSection(SolutionConfigurationPlatforms) = preSolution
		Debug|Any CPU = Debug|Any CPU
		Release|Any CPU = Release|Any CPU
	EndGlobalSection
	GlobalSection(ProjectConfigurationPlatforms) = postSolution
		{5BDB7741-D2AB-4669-9496-509178D4EA32}.Debug|Any CPU.ActiveCfg = Debug|Any CPU
		{5BDB7741-D2AB-4669-9496-509178D4EA32}.Debug|Any CPU.Build.0 = Debug|Any CPU
		{5BDB7741-D2AB-4669-9496-509178D4EA32}.Release|Any CPU.ActiveCfg = Release|Any CPU
		{5BDB7741-D2AB-4669-9496-509178D4EA32}.Release|Any CPU.Build.0 = Release|Any CPU
		{3D9B9AAD-1E0D-4564-B7D1-C92895C6B47A}.Debug|Any CPU.ActiveCfg = Debug|Any CPU
		{3D9B9AAD-1E0D-4564-B7D1-C92895C6B47A}.Debug|Any CPU.Build.0 = Debug|Any CPU
		{3D9B9AAD-1E0D-4564-B7D1-C92895C6B47A}.Release|Any CPU.ActiveCfg = Release|Any CPU
		{3D9B9AAD-1E0D-4564-B7D1-C92895C6B47A}.Release|Any CPU.Build.0 = Release|Any CPU
		{92724464-8FB1-4286-8C81-E297FDB699D9}.Debug|Any CPU.ActiveCfg = Debug|Any CPU
		{92724464-8FB1-4286-8C81-E297FDB699D9}.Debug|Any CPU.Build.0 = Debug|Any CPU
		{92724464-8FB1-4286-8C81-E297FDB699D9}.Release|Any CPU.ActiveCfg = Release|Any CPU
		{92724464-8FB1-4286-8C81-E297FDB699D9}.Release|Any CPU.Build.0 = Release|Any CPU
	EndGlobalSection
	GlobalSection(SolutionProperties) = preSolution
		HideSolutionNode = FALSE
	EndGlobalSection
EndGlobal
