
Microsoft Visual Studio Solution File, Format Version 12.00
# Visual Studio 2013
VisualStudioVersion = 12.0.31101.0
MinimumVisualStudioVersion = 10.0.40219.1
Project("{FAE04EC0-301F-11D3-BF4B-00C04F79EFBC}") = "ServiceShellHost", "ServiceShellHost\ServiceShellHost.csproj", "{5BDB7741-D2AB-4669-9496-509178D4EA32}"
EndProject
Project("{FAE04EC0-301F-11D3-BF4B-00C04F79EFBC}") = "NewSkyWeb", "NewSkyWeb\NewSkyWeb.csproj", "{92724464-8FB1-4286-8C81-E297FDB699D9}"
EndProject
Project("{FAE04EC0-301F-11D3-BF4B-00C04F79EFBC}") = "ServiceTest", "ServiceTest\ServiceTest.csproj", "{21FB22C0-3367-4E25-966D-A7D4BFA73B9B}"
EndProject
Project("{2150E333-8FDC-42A3-9474-1A3956D46DE8}") = "Cloud", "Cloud", "{BEFDA512-76CA-4843-B2FF-11B581797675}"
EndProject
Project("{2150E333-8FDC-42A3-9474-1A3956D46DE8}") = "Platform", "Platform", "{5BFDE6F3-5D41-425C-944A-0E313FCEA3E2}"
EndProject
Project("{FAE04EC0-301F-11D3-BF4B-00C04F79EFBC}") = "NewSky.Platform.WebApi", "Cloud\Platform\NewSky.Platform.WebApi\NewSky.Platform.WebApi.csproj", "{A1FD0B07-6E58-4FD3-A627-34ADB4E1606D}"
EndProject
Project("{FAE04EC0-301F-11D3-BF4B-00C04F79EFBC}") = "NewSky.Platform.Api", "Cloud\Platform\NewSky.Platform.Api\NewSky.Platform.Api.csproj", "{A7AB6171-40DF-455A-AB71-D8392CADA4AC}"
EndProject
Project("{FAE04EC0-301F-11D3-BF4B-00C04F79EFBC}") = "NewSky.Platform.Service", "Cloud\Platform\NewSky.Platform.Service\NewSky.Platform.Service.csproj", "{ADAE4DDB-8392-4813-80F3-282488FFF7B1}"
EndProject
Global
	GlobalSection(SolutionConfigurationPlatforms) = preSolution
		Debug|Any CPU = Debug|Any CPU
		Release|Any CPU = Release|Any CPU
	EndGlobalSection
	GlobalSection(ProjectConfigurationPlatforms) = postSolution
		{5BDB7741-D2AB-4669-9496-509178D4EA32}.Debug|Any CPU.ActiveCfg = Debug|Any CPU
		{5BDB7741-D2AB-4669-9496-509178D4EA32}.Debug|Any CPU.Build.0 = Debug|Any CPU
		{5BDB7741-D2AB-4669-9496-509178D4EA32}.Release|Any CPU.ActiveCfg = Release|Any CPU
		{5BDB7741-D2AB-4669-9496-509178D4EA32}.Release|Any CPU.Build.0 = Release|Any CPU
		{92724464-8FB1-4286-8C81-E297FDB699D9}.Debug|Any CPU.ActiveCfg = Debug|Any CPU
		{92724464-8FB1-4286-8C81-E297FDB699D9}.Debug|Any CPU.Build.0 = Debug|Any CPU
		{92724464-8FB1-4286-8C81-E297FDB699D9}.Release|Any CPU.ActiveCfg = Release|Any CPU
		{92724464-8FB1-4286-8C81-E297FDB699D9}.Release|Any CPU.Build.0 = Release|Any CPU
		{21FB22C0-3367-4E25-966D-A7D4BFA73B9B}.Debug|Any CPU.ActiveCfg = Debug|Any CPU
		{21FB22C0-3367-4E25-966D-A7D4BFA73B9B}.Debug|Any CPU.Build.0 = Debug|Any CPU
		{21FB22C0-3367-4E25-966D-A7D4BFA73B9B}.Release|Any CPU.ActiveCfg = Release|Any CPU
		{21FB22C0-3367-4E25-966D-A7D4BFA73B9B}.Release|Any CPU.Build.0 = Release|Any CPU
		{A1FD0B07-6E58-4FD3-A627-34ADB4E1606D}.Debug|Any CPU.ActiveCfg = Debug|Any CPU
		{A1FD0B07-6E58-4FD3-A627-34ADB4E1606D}.Debug|Any CPU.Build.0 = Debug|Any CPU
		{A1FD0B07-6E58-4FD3-A627-34ADB4E1606D}.Release|Any CPU.ActiveCfg = Release|Any CPU
		{A1FD0B07-6E58-4FD3-A627-34ADB4E1606D}.Release|Any CPU.Build.0 = Release|Any CPU
		{A7AB6171-40DF-455A-AB71-D8392CADA4AC}.Debug|Any CPU.ActiveCfg = Debug|Any CPU
		{A7AB6171-40DF-455A-AB71-D8392CADA4AC}.Debug|Any CPU.Build.0 = Debug|Any CPU
		{A7AB6171-40DF-455A-AB71-D8392CADA4AC}.Release|Any CPU.ActiveCfg = Release|Any CPU
		{A7AB6171-40DF-455A-AB71-D8392CADA4AC}.Release|Any CPU.Build.0 = Release|Any CPU
		{ADAE4DDB-8392-4813-80F3-282488FFF7B1}.Debug|Any CPU.ActiveCfg = Debug|Any CPU
		{ADAE4DDB-8392-4813-80F3-282488FFF7B1}.Debug|Any CPU.Build.0 = Debug|Any CPU
		{ADAE4DDB-8392-4813-80F3-282488FFF7B1}.Release|Any CPU.ActiveCfg = Release|Any CPU
		{ADAE4DDB-8392-4813-80F3-282488FFF7B1}.Release|Any CPU.Build.0 = Release|Any CPU
	EndGlobalSection
	GlobalSection(SolutionProperties) = preSolution
		HideSolutionNode = FALSE
	EndGlobalSection
	GlobalSection(NestedProjects) = preSolution
		{5BFDE6F3-5D41-425C-944A-0E313FCEA3E2} = {BEFDA512-76CA-4843-B2FF-11B581797675}
		{A1FD0B07-6E58-4FD3-A627-34ADB4E1606D} = {5BFDE6F3-5D41-425C-944A-0E313FCEA3E2}
		{A7AB6171-40DF-455A-AB71-D8392CADA4AC} = {5BFDE6F3-5D41-425C-944A-0E313FCEA3E2}
		{ADAE4DDB-8392-4813-80F3-282488FFF7B1} = {5BFDE6F3-5D41-425C-944A-0E313FCEA3E2}
	EndGlobalSection
EndGlobal
