
Microsoft Visual Studio Solution File, Format Version 12.00
# Visual Studio 2013
VisualStudioVersion = 12.0.31101.0
MinimumVisualStudioVersion = 10.0.40219.1
Project("{FAE04EC0-301F-11D3-BF4B-00C04F79EFBC}") = "ServiceShellHost", "ServiceShellHost\ServiceShellHost.csproj", "{5BDB7741-D2AB-4669-9496-509178D4EA32}"
EndProject
Project("{FAE04EC0-301F-11D3-BF4B-00C04F79EFBC}") = "NewSkyWeb", "NewSkyWeb\NewSkyWeb.csproj", "{92724464-8FB1-4286-8C81-E297FDB699D9}"
EndProject
Project("{FAE04EC0-301F-11D3-BF4B-00C04F79EFBC}") = "NewSky.Platform", "NewSky.Platform\NewSky.Platform.csproj", "{1EBE3415-6BF5-4BDF-AF8D-2E1F7F0ACE79}"
EndProject
Project("{FAE04EC0-301F-11D3-BF4B-00C04F79EFBC}") = "ServiceTest", "ServiceTest\ServiceTest.csproj", "{21FB22C0-3367-4E25-966D-A7D4BFA73B9B}"
EndProject
Project("{2150E333-8FDC-42A3-9474-1A3956D46DE8}") = "Weather", "Weather", "{5B3136D3-AA7B-4428-86FF-5AB33B764D44}"
EndProject
Project("{FAE04EC0-301F-11D3-BF4B-00C04F79EFBC}") = "NewSky.Weather.WebApi", "Weather\NewSky.Weather.WebApi\NewSky.Weather.WebApi.csproj", "{88EFDF38-17B6-4B6B-AAC6-46B5D40A8DC2}"
EndProject
Project("{2150E333-8FDC-42A3-9474-1A3956D46DE8}") = "User", "User", "{D67F8DC2-686D-493F-9E06-BC506C2CBF0A}"
EndProject
Project("{FAE04EC0-301F-11D3-BF4B-00C04F79EFBC}") = "NewSky.User.WebApi", "User\NewSky.User.WebApi\NewSky.User.WebApi.csproj", "{FC5238BD-E5BF-43D8-9C60-6694117A28AF}"
EndProject
Global
	GlobalSection(SolutionConfigurationPlatforms) = preSolution
		Debug|Any CPU = Debug|Any CPU
		Release|Any CPU = Release|Any CPU
	EndGlobalSection
	GlobalSection(ProjectConfigurationPlatforms) = postSolution
		{5BDB7741-D2AB-4669-9496-509178D4EA32}.Debug|Any CPU.ActiveCfg = Debug|Any CPU
		{5BDB7741-D2AB-4669-9496-509178D4EA32}.Debug|Any CPU.Build.0 = Debug|Any CPU
		{5BDB7741-D2AB-4669-9496-509178D4EA32}.Release|Any CPU.ActiveCfg = Release|Any CPU
		{5BDB7741-D2AB-4669-9496-509178D4EA32}.Release|Any CPU.Build.0 = Release|Any CPU
		{92724464-8FB1-4286-8C81-E297FDB699D9}.Debug|Any CPU.ActiveCfg = Debug|Any CPU
		{92724464-8FB1-4286-8C81-E297FDB699D9}.Debug|Any CPU.Build.0 = Debug|Any CPU
		{92724464-8FB1-4286-8C81-E297FDB699D9}.Release|Any CPU.ActiveCfg = Release|Any CPU
		{92724464-8FB1-4286-8C81-E297FDB699D9}.Release|Any CPU.Build.0 = Release|Any CPU
		{1EBE3415-6BF5-4BDF-AF8D-2E1F7F0ACE79}.Debug|Any CPU.ActiveCfg = Debug|Any CPU
		{1EBE3415-6BF5-4BDF-AF8D-2E1F7F0ACE79}.Debug|Any CPU.Build.0 = Debug|Any CPU
		{1EBE3415-6BF5-4BDF-AF8D-2E1F7F0ACE79}.Release|Any CPU.ActiveCfg = Release|Any CPU
		{1EBE3415-6BF5-4BDF-AF8D-2E1F7F0ACE79}.Release|Any CPU.Build.0 = Release|Any CPU
		{21FB22C0-3367-4E25-966D-A7D4BFA73B9B}.Debug|Any CPU.ActiveCfg = Debug|Any CPU
		{21FB22C0-3367-4E25-966D-A7D4BFA73B9B}.Debug|Any CPU.Build.0 = Debug|Any CPU
		{21FB22C0-3367-4E25-966D-A7D4BFA73B9B}.Release|Any CPU.ActiveCfg = Release|Any CPU
		{21FB22C0-3367-4E25-966D-A7D4BFA73B9B}.Release|Any CPU.Build.0 = Release|Any CPU
		{88EFDF38-17B6-4B6B-AAC6-46B5D40A8DC2}.Debug|Any CPU.ActiveCfg = Debug|Any CPU
		{88EFDF38-17B6-4B6B-AAC6-46B5D40A8DC2}.Debug|Any CPU.Build.0 = Debug|Any CPU
		{88EFDF38-17B6-4B6B-AAC6-46B5D40A8DC2}.Release|Any CPU.ActiveCfg = Release|Any CPU
		{88EFDF38-17B6-4B6B-AAC6-46B5D40A8DC2}.Release|Any CPU.Build.0 = Release|Any CPU
		{FC5238BD-E5BF-43D8-9C60-6694117A28AF}.Debug|Any CPU.ActiveCfg = Debug|Any CPU
		{FC5238BD-E5BF-43D8-9C60-6694117A28AF}.Debug|Any CPU.Build.0 = Debug|Any CPU
		{FC5238BD-E5BF-43D8-9C60-6694117A28AF}.Release|Any CPU.ActiveCfg = Release|Any CPU
		{FC5238BD-E5BF-43D8-9C60-6694117A28AF}.Release|Any CPU.Build.0 = Release|Any CPU
	EndGlobalSection
	GlobalSection(SolutionProperties) = preSolution
		HideSolutionNode = FALSE
	EndGlobalSection
	GlobalSection(NestedProjects) = preSolution
		{88EFDF38-17B6-4B6B-AAC6-46B5D40A8DC2} = {5B3136D3-AA7B-4428-86FF-5AB33B764D44}
		{FC5238BD-E5BF-43D8-9C60-6694117A28AF} = {D67F8DC2-686D-493F-9E06-BC506C2CBF0A}
	EndGlobalSection
EndGlobal
